{
    "version": 3,
    "terraform_version": "0.11.11",
    "serial": 2,
    "lineage": "3f9fd8fb-b5b6-d71c-8a03-dea1e615e5c3",
    "modules": [
        {
            "path": [
                "root"
            ],
            "outputs": {},
            "resources": {
                "aci_filter.demofilter": {
                    "type": "aci_filter",
                    "depends_on": [
                        "aci_filter.fwd_filter",
                        "aci_filter.rev_filter",
                        "aci_tenant.tenant_for_filter"
                    ],
                    "primary": {
                        "id": "uni/tn-tenant_for_filter/flt-test_tf_filter",
                        "attributes": {
                            "annotation": "",
                            "description": "This filter is created by terraform ACI provider.",
                            "id": "uni/tn-tenant_for_filter/flt-test_tf_filter",
                            "name": "test_tf_filter",
                            "name_alias": "",
                            "relation_vz_rs_filt_graph_att": "testinterm",
                            "relation_vz_rs_fwd_r_flt_p_att": "uni/tn-tenant_for_filter/flt-test_tf_filter",
                            "relation_vz_rs_rev_r_flt_p_att": "uni/tn-tenant_for_filter/flt-test_tf_filter",
                            "tenant_dn": "uni/tn-tenant_for_filter"
                        },
                        "meta": {
                            "schema_version": "1"
                        },
                        "tainted": false
                    },
                    "deposed": [],
                    "provider": "provider.aci"
                },
                "aci_filter.fwd_filter": {
                    "type": "aci_filter",
                    "depends_on": [
                        "aci_tenant.tenant_for_filter"
                    ],
                    "primary": {
                        "id": "uni/tn-tenant_for_filter/flt-test_tf_filter",
                        "attributes": {
                            "annotation": "",
                            "description": "This filter is created by terraform ACI provider.",
                            "id": "uni/tn-tenant_for_filter/flt-test_tf_filter",
                            "name": "test_tf_filter",
                            "name_alias": "",
                            "tenant_dn": "uni/tn-tenant_for_filter"
                        },
                        "meta": {
                            "schema_version": "1"
                        },
                        "tainted": false
                    },
                    "deposed": [],
                    "provider": "provider.aci"
                },
                "aci_filter.rev_filter": {
                    "type": "aci_filter",
                    "depends_on": [
                        "aci_tenant.tenant_for_filter"
                    ],
                    "primary": {
                        "id": "uni/tn-tenant_for_filter/flt-test_tf_filter",
                        "attributes": {
                            "annotation": "",
                            "description": "This filter is created by terraform ACI provider.",
                            "id": "uni/tn-tenant_for_filter/flt-test_tf_filter",
                            "name": "test_tf_filter",
                            "name_alias": "",
                            "tenant_dn": "uni/tn-tenant_for_filter"
                        },
                        "meta": {
                            "schema_version": "1"
                        },
                        "tainted": false
                    },
                    "deposed": [],
                    "provider": "provider.aci"
                },
                "aci_tenant.tenant_for_filter": {
                    "type": "aci_tenant",
                    "depends_on": [],
                    "primary": {
                        "id": "uni/tn-tenant_for_filter",
                        "attributes": {
                            "annotation": "",
                            "description": "This tenant is created by terraform ACI provider",
                            "id": "uni/tn-tenant_for_filter",
                            "name": "tenant_for_filter",
                            "name_alias": ""
                        },
                        "meta": {
                            "schema_version": "1"
                        },
                        "tainted": false
                    },
                    "deposed": [],
                    "provider": "provider.aci"
                }
            },
            "depends_on": []
        }
    ]
}
