{"format_version":"1.2","terraform_version":"1.8.5","planned_values":{"root_module":{"resources":[{"address":"aci_external_management_network_instance_profile.full_example","mode":"managed","type":"aci_external_management_network_instance_profile","name":"full_example","provider_name":"registry.terraform.io/ciscodevnet/aci","schema_version":0,"values":{"annotation":"annotation","annotations":[{"key":"key_0","value":"value_1"}],"description":"description","name":"test_name","name_alias":"name_alias","priority":"level1","relation_to_consumed_out_of_band_contracts":[{"annotation":"annotation_1","out_of_band_contract_name":"aci_out_of_band_contract.example.name","priority":"level1"}],"tags":[{"key":"key_0","value":"value_1"}]},"sensitive_values":{"annotations":[{}],"relation_to_consumed_out_of_band_contracts":[{}],"tags":[{}]}},{"address":"aci_tenant.terraform_tenant","mode":"managed","type":"aci_tenant","name":"terraform_tenant","provider_name":"registry.terraform.io/ciscodevnet/aci","schema_version":1,"values":{"annotation":"orchestrator:terraform","description":"This tenant is created by terraform","name":"example_tenant","relation_fv_rs_tn_deny_rule":null},"sensitive_values":{}}]}},"resource_changes":[{"address":"aci_external_management_network_instance_profile.full_example","mode":"managed","type":"aci_external_management_network_instance_profile","name":"full_example","provider_name":"registry.terraform.io/ciscodevnet/aci","change":{"actions":["create"],"before":null,"after":{"annotation":"annotation","annotations":[{"key":"key_0","value":"value_1"}],"description":"description","name":"test_name","name_alias":"name_alias","priority":"level1","relation_to_consumed_out_of_band_contracts":[{"annotation":"annotation_1","out_of_band_contract_name":"aci_out_of_band_contract.example.name","priority":"level1"}],"tags":[{"key":"key_0","value":"value_1"}]},"after_unknown":{"annotations":[{}],"id":true,"relation_to_consumed_out_of_band_contracts":[{}],"tags":[{}]},"before_sensitive":false,"after_sensitive":{"annotations":[{}],"relation_to_consumed_out_of_band_contracts":[{}],"tags":[{}]}}},{"address":"aci_tenant.terraform_tenant","mode":"managed","type":"aci_tenant","name":"terraform_tenant","provider_name":"registry.terraform.io/ciscodevnet/aci","change":{"actions":["create"],"before":null,"after":{"annotation":"orchestrator:terraform","description":"This tenant is created by terraform","name":"example_tenant","relation_fv_rs_tn_deny_rule":null},"after_unknown":{"id":true,"name_alias":true,"relation_fv_rs_tenant_mon_pol":true},"before_sensitive":false,"after_sensitive":{}}}],"configuration":{"provider_config":{"aci":{"name":"aci","full_name":"registry.terraform.io/ciscodevnet/aci","expressions":{"insecure":{"constant_value":true},"password":{"constant_value":"ins3965!"},"url":{"constant_value":"https://173.36.219.79"},"username":{"constant_value":"admin"}}}},"root_module":{"resources":[{"address":"aci_external_management_network_instance_profile.full_example","mode":"managed","type":"aci_external_management_network_instance_profile","name":"full_example","provider_config_key":"aci","expressions":{"annotation":{"constant_value":"annotation"},"annotations":{"constant_value":[{"key":"key_0","value":"value_1"}]},"description":{"constant_value":"description"},"name":{"constant_value":"test_name"},"name_alias":{"constant_value":"name_alias"},"priority":{"constant_value":"level1"},"relation_to_consumed_out_of_band_contracts":{"constant_value":[{"annotation":"annotation_1","out_of_band_contract_name":"aci_out_of_band_contract.example.name","priority":"level1"}]},"tags":{"constant_value":[{"key":"key_0","value":"value_1"}]}},"schema_version":0},{"address":"aci_tenant.terraform_tenant","mode":"managed","type":"aci_tenant","name":"terraform_tenant","provider_config_key":"aci","expressions":{"description":{"constant_value":"This tenant is created by terraform"},"name":{"constant_value":"example_tenant"}},"schema_version":1}]}},"timestamp":"2024-07-23T20:29:56Z","applyable":true,"complete":true,"errored":false}
