{
    "version": 3,
    "terraform_version": "0.11.11",
    "serial": 7,
    "lineage": "2acbe7d5-8db9-f637-8f61-d4db980c33eb",
    "modules": [
        {
            "path": [
                "root"
            ],
            "outputs": {},
            "resources": {
                "aci_application_epg.demoepg": {
                    "type": "aci_application_epg",
                    "depends_on": [
                        "aci_application_epg.inherit_epg",
                        "aci_application_profile.app_profile_for_epg",
                        "aci_bridge_domain.bd_for_rel",
                        "aci_contract.intra_epg_contract",
                        "aci_contract.rs_cons_contract",
                        "aci_contract.rs_prov_contract",
                        "aci_rest.rest_infra_domp",
                        "aci_rest.rest_mon_epg_pol",
                        "aci_rest.rest_qos_custom_pol",
                        "aci_rest.rest_qos_dpp_pol",
                        "aci_rest.rest_taboo_con",
                        "aci_rest.rest_trust_ctrl_pol",
                        "aci_rest.rest_vz_cons_if"
                    ],
                    "primary": {
                        "id": "uni/tn-tenant_for_epg/ap-ap_for_epg/epg-tf_test_epg",
                        "attributes": {
                            "annotation": "",
                            "application_profile_dn": "uni/tn-tenant_for_epg/ap-ap_for_epg",
                            "description": "This epg is created by terraform ACI providers",
                            "exception_tag": "",
                            "flood_on_encap": "disabled",
                            "fwd_ctrl": "",
                            "has_mcast_source": "no",
                            "id": "uni/tn-tenant_for_epg/ap-ap_for_epg/epg-tf_test_epg",
                            "is_attr_based_e_pg": "no",
                            "match_t": "None",
                            "name": "tf_test_epg",
                            "name_alias": "",
                            "pc_enf_pref": "unenforced",
                            "pref_gr_memb": "exclude",
                            "prio": "unspecified",
                            "relation_fv_rs_ae_pg_mon_pol": "uni/tn-tenant_for_epg/monepg-testpol",
                            "relation_fv_rs_bd": "uni/tn-tenant_for_epg/BD-test_tf_bd_rel",
                            "relation_fv_rs_cons.#": "1",
                            "relation_fv_rs_cons.2710121099": "uni/tn-tenant_for_contract/brc-rs_cons_contract",
                            "relation_fv_rs_cons_if.#": "1",
                            "relation_fv_rs_cons_if.1670329559": "uni/tn-tenant_for_epg/cif-testcontract",
                            "relation_fv_rs_cust_qos_pol": "uni/tn-tenant_for_epg/qoscustom-testpol",
                            "relation_fv_rs_dom_att.#": "1",
                            "relation_fv_rs_dom_att.1562800661": "uni/fc-test",
                            "relation_fv_rs_dpp_pol": "uni/tn-tenant_for_epg/qosdpppol-testqospol",
                            "relation_fv_rs_fc_path_att.#": "1",
                            "relation_fv_rs_fc_path_att.3959765556": "testfabric",
                            "relation_fv_rs_intra_epg.#": "1",
                            "relation_fv_rs_intra_epg.757388038": "uni/tn-tenant_for_contract/brc-intra_epg_contract",
                            "relation_fv_rs_node_att.#": "1",
                            "relation_fv_rs_node_att.3838430104": "testnodeatt",
                            "relation_fv_rs_path_att.#": "1",
                            "relation_fv_rs_path_att.2074608164": "testpathatt",
                            "relation_fv_rs_prot_by.#": "1",
                            "relation_fv_rs_prot_by.2849575672": "uni/tn-tenant_for_epg/taboo-testcon",
                            "relation_fv_rs_prov.#": "1",
                            "relation_fv_rs_prov.492050441": "uni/tn-tenant_for_contract/brc-rs_prov_contract",
                            "relation_fv_rs_sec_inherited.#": "1",
                            "relation_fv_rs_sec_inherited.669823237": "uni/tn-tenant_for_epg/ap-ap_for_epg/epg-inherit_epg",
                            "relation_fv_rs_trust_ctrl": "uni/tn-tenant_for_epg/trustctrlpol-testtrustpol",
                            "shutdown": "no"
                        },
                        "meta": {
                            "schema_version": "1"
                        },
                        "tainted": false
                    },
                    "deposed": [],
                    "provider": "provider.aci"
                },
                "aci_application_epg.inherit_epg": {
                    "type": "aci_application_epg",
                    "depends_on": [
                        "aci_application_profile.app_profile_for_epg"
                    ],
                    "primary": {
                        "id": "uni/tn-tenant_for_epg/ap-ap_for_epg/epg-inherit_epg",
                        "attributes": {
                            "annotation": "",
                            "application_profile_dn": "uni/tn-tenant_for_epg/ap-ap_for_epg",
                            "description": "epg to create relation sec_inherited",
                            "exception_tag": "",
                            "flood_on_encap": "disabled",
                            "fwd_ctrl": "",
                            "has_mcast_source": "no",
                            "id": "uni/tn-tenant_for_epg/ap-ap_for_epg/epg-inherit_epg",
                            "is_attr_based_e_pg": "no",
                            "match_t": "AtleastOne",
                            "name": "inherit_epg",
                            "name_alias": "",
                            "pc_enf_pref": "unenforced",
                            "pref_gr_memb": "exclude",
                            "prio": "unspecified",
                            "shutdown": "no"
                        },
                        "meta": {
                            "schema_version": "1"
                        },
                        "tainted": false
                    },
                    "deposed": [],
                    "provider": "provider.aci"
                },
                "aci_application_profile.app_profile_for_epg": {
                    "type": "aci_application_profile",
                    "depends_on": [
                        "aci_tenant.tenant_for_epg"
                    ],
                    "primary": {
                        "id": "uni/tn-tenant_for_epg/ap-ap_for_epg",
                        "attributes": {
                            "annotation": "",
                            "description": "This app profile is created by terraform ACI providers",
                            "id": "uni/tn-tenant_for_epg/ap-ap_for_epg",
                            "name": "ap_for_epg",
                            "name_alias": "",
                            "prio": "unspecified",
                            "tenant_dn": "uni/tn-tenant_for_epg"
                        },
                        "meta": {
                            "schema_version": "1"
                        },
                        "tainted": false
                    },
                    "deposed": [],
                    "provider": "provider.aci"
                },
                "aci_bridge_domain.bd_for_rel": {
                    "type": "aci_bridge_domain",
                    "depends_on": [
                        "aci_tenant.tenant_for_epg"
                    ],
                    "primary": {
                        "id": "uni/tn-tenant_for_epg/BD-test_tf_bd_rel",
                        "attributes": {
                            "annotation": "",
                            "arp_flood": "no",
                            "description": "This bridge domain is created by terraform ACI provider",
                            "ep_clear": "no",
                            "ep_move_detect_mode": "",
                            "host_based_routing": "no",
                            "id": "uni/tn-tenant_for_epg/BD-test_tf_bd_rel",
                            "intersite_bum_traffic_allow": "no",
                            "intersite_l2_stretch": "no",
                            "ip_learning": "yes",
                            "ipv6_mcast_allow": "",
                            "limit_ip_learn_to_subnets": "yes",
                            "ll_addr": "::",
                            "mac": "00:22:BD:F8:19:FF",
                            "mcast_allow": "no",
                            "multi_dst_pkt_act": "bd-flood",
                            "name": "test_tf_bd_rel",
                            "name_alias": "",
                            "optimize_wan_bandwidth": "no",
                            "tenant_dn": "uni/tn-tenant_for_epg",
                            "type": "regular",
                            "unicast_route": "yes",
                            "unk_mac_ucast_act": "proxy",
                            "unk_mcast_act": "flood",
                            "v6unk_mcast_act": "",
                            "vmac": "not-applicable"
                        },
                        "meta": {
                            "schema_version": "1"
                        },
                        "tainted": false
                    },
                    "deposed": [],
                    "provider": "provider.aci"
                },
                "aci_contract.intra_epg_contract": {
                    "type": "aci_contract",
                    "depends_on": [
                        "aci_tenant.tenant_for_contract"
                    ],
                    "primary": {
                        "id": "uni/tn-tenant_for_contract/brc-intra_epg_contract",
                        "attributes": {
                            "annotation": "",
                            "description": "This contract is created by terraform ACI provider",
                            "id": "uni/tn-tenant_for_contract/brc-intra_epg_contract",
                            "name": "intra_epg_contract",
                            "name_alias": "",
                            "prio": "unspecified",
                            "relation_vz_rs_graph_att": "test3",
                            "scope": "context",
                            "target_dscp": "VA",
                            "tenant_dn": "uni/tn-tenant_for_contract"
                        },
                        "meta": {
                            "schema_version": "1"
                        },
                        "tainted": false
                    },
                    "deposed": [],
                    "provider": "provider.aci"
                },
                "aci_contract.rs_cons_contract": {
                    "type": "aci_contract",
                    "depends_on": [
                        "aci_tenant.tenant_for_contract"
                    ],
                    "primary": {
                        "id": "uni/tn-tenant_for_contract/brc-rs_cons_contract",
                        "attributes": {
                            "annotation": "",
                            "description": "This contract is created by terraform ACI provider",
                            "id": "uni/tn-tenant_for_contract/brc-rs_cons_contract",
                            "name": "rs_cons_contract",
                            "name_alias": "",
                            "prio": "unspecified",
                            "relation_vz_rs_graph_att": "test3",
                            "scope": "context",
                            "target_dscp": "VA",
                            "tenant_dn": "uni/tn-tenant_for_contract"
                        },
                        "meta": {
                            "schema_version": "1"
                        },
                        "tainted": false
                    },
                    "deposed": [],
                    "provider": "provider.aci"
                },
                "aci_contract.rs_prov_contract": {
                    "type": "aci_contract",
                    "depends_on": [
                        "aci_tenant.tenant_for_contract"
                    ],
                    "primary": {
                        "id": "uni/tn-tenant_for_contract/brc-rs_prov_contract",
                        "attributes": {
                            "annotation": "",
                            "description": "This contract is created by terraform ACI provider",
                            "id": "uni/tn-tenant_for_contract/brc-rs_prov_contract",
                            "name": "rs_prov_contract",
                            "name_alias": "",
                            "prio": "unspecified",
                            "relation_vz_rs_graph_att": "test3",
                            "scope": "context",
                            "target_dscp": "VA",
                            "tenant_dn": "uni/tn-tenant_for_contract"
                        },
                        "meta": {
                            "schema_version": "1"
                        },
                        "tainted": false
                    },
                    "deposed": [],
                    "provider": "provider.aci"
                },
                "aci_rest.rest_infra_domp": {
                    "type": "aci_rest",
                    "depends_on": [],
                    "primary": {
                        "id": "uni/fc-test",
                        "attributes": {
                            "class_name": "fcDomP",
                            "content.%": "1",
                            "content.name": "test",
                            "id": "uni/fc-test",
                            "path": "api/node/mo/uni/fc-test.json"
                        },
                        "meta": {
                            "schema_version": "1"
                        },
                        "tainted": false
                    },
                    "deposed": [],
                    "provider": "provider.aci"
                },
                "aci_rest.rest_mon_epg_pol": {
                    "type": "aci_rest",
                    "depends_on": [
                        "aci_tenant.tenant_for_epg"
                    ],
                    "primary": {
                        "id": "uni/tn-tenant_for_epg/monepg-testpol",
                        "attributes": {
                            "class_name": "monEPGPol",
                            "content.%": "1",
                            "content.name": "testpol",
                            "id": "uni/tn-tenant_for_epg/monepg-testpol",
                            "path": "api/node/mo/uni/tn-tenant_for_epg/monepg-testpol.json"
                        },
                        "meta": {
                            "schema_version": "1"
                        },
                        "tainted": false
                    },
                    "deposed": [],
                    "provider": "provider.aci"
                },
                "aci_rest.rest_qos_custom_pol": {
                    "type": "aci_rest",
                    "depends_on": [
                        "aci_tenant.tenant_for_epg"
                    ],
                    "primary": {
                        "id": "uni/tn-tenant_for_epg/qoscustom-testpol",
                        "attributes": {
                            "class_name": "qosCustomPol",
                            "content.%": "1",
                            "content.name": "testpol",
                            "id": "uni/tn-tenant_for_epg/qoscustom-testpol",
                            "path": "api/node/mo/uni/tn-tenant_for_epg/qoscustom-testpol.json"
                        },
                        "meta": {
                            "schema_version": "1"
                        },
                        "tainted": false
                    },
                    "deposed": [],
                    "provider": "provider.aci"
                },
                "aci_rest.rest_qos_dpp_pol": {
                    "type": "aci_rest",
                    "depends_on": [
                        "aci_tenant.tenant_for_epg"
                    ],
                    "primary": {
                        "id": "uni/tn-tenant_for_epg/qosdpppol-testqospol",
                        "attributes": {
                            "class_name": "qosDppPol",
                            "content.%": "1",
                            "content.name": "testqospol",
                            "id": "uni/tn-tenant_for_epg/qosdpppol-testqospol",
                            "path": "api/node/mo/uni/tn-tenant_for_epg/qosdpppol-testqospol.json"
                        },
                        "meta": {
                            "schema_version": "1"
                        },
                        "tainted": false
                    },
                    "deposed": [],
                    "provider": "provider.aci"
                },
                "aci_rest.rest_taboo_con": {
                    "type": "aci_rest",
                    "depends_on": [
                        "aci_tenant.tenant_for_epg"
                    ],
                    "primary": {
                        "id": "uni/tn-tenant_for_epg/taboo-testcon",
                        "attributes": {
                            "class_name": "vzTaboo",
                            "content.%": "1",
                            "content.name": "testcon",
                            "id": "uni/tn-tenant_for_epg/taboo-testcon",
                            "path": "api/node/mo/uni/tn-tenant_for_epg/taboo-testcon.json"
                        },
                        "meta": {
                            "schema_version": "1"
                        },
                        "tainted": false
                    },
                    "deposed": [],
                    "provider": "provider.aci"
                },
                "aci_rest.rest_trust_ctrl_pol": {
                    "type": "aci_rest",
                    "depends_on": [
                        "aci_tenant.tenant_for_epg"
                    ],
                    "primary": {
                        "id": "uni/tn-tenant_for_epg/trustctrlpol-testtrustpol",
                        "attributes": {
                            "class_name": "fhsTrustCtrlPol",
                            "content.%": "1",
                            "content.name": "testtrustpol",
                            "id": "uni/tn-tenant_for_epg/trustctrlpol-testtrustpol",
                            "path": "api/node/mo/uni/tn-tenant_for_epg/trustctrlpol-testtrustpol.json"
                        },
                        "meta": {
                            "schema_version": "1"
                        },
                        "tainted": false
                    },
                    "deposed": [],
                    "provider": "provider.aci"
                },
                "aci_rest.rest_vz_cons_if": {
                    "type": "aci_rest",
                    "depends_on": [
                        "aci_tenant.tenant_for_epg"
                    ],
                    "primary": {
                        "id": "uni/tn-tenant_for_epg/cif-testcontract",
                        "attributes": {
                            "class_name": "vzCPIf",
                            "content.%": "1",
                            "content.name": "testcontract",
                            "id": "uni/tn-tenant_for_epg/cif-testcontract",
                            "path": "api/node/mo/uni/tn-tenant_for_epg/cif-testcontract.json"
                        },
                        "meta": {
                            "schema_version": "1"
                        },
                        "tainted": false
                    },
                    "deposed": [],
                    "provider": "provider.aci"
                },
                "aci_tenant.tenant_for_contract": {
                    "type": "aci_tenant",
                    "depends_on": [],
                    "primary": {
                        "id": "uni/tn-tenant_for_contract",
                        "attributes": {
                            "annotation": "",
                            "description": "This tenant is created by terraform ACI provider",
                            "id": "uni/tn-tenant_for_contract",
                            "name": "tenant_for_contract",
                            "name_alias": ""
                        },
                        "meta": {
                            "schema_version": "1"
                        },
                        "tainted": false
                    },
                    "deposed": [],
                    "provider": "provider.aci"
                },
                "aci_tenant.tenant_for_epg": {
                    "type": "aci_tenant",
                    "depends_on": [],
                    "primary": {
                        "id": "uni/tn-tenant_for_epg",
                        "attributes": {
                            "annotation": "",
                            "description": "This tenant is created by terraform ACI provider",
                            "id": "uni/tn-tenant_for_epg",
                            "name": "tenant_for_epg",
                            "name_alias": ""
                        },
                        "meta": {
                            "schema_version": "1"
                        },
                        "tainted": false
                    },
                    "deposed": [],
                    "provider": "provider.aci"
                }
            },
            "depends_on": []
        }
    ]
}
