{
    "version": 3,
    "terraform_version": "0.11.11",
    "serial": 22,
    "lineage": "245de2ca-97e0-dc10-f970-2e9780fec28d",
    "modules": [
        {
            "path": [
                "root"
            ],
            "outputs": {},
            "resources": {
                "aci_access_port_block.test_port_block": {
                    "type": "aci_access_port_block",
                    "depends_on": [
                        "aci_access_port_selector.test_selector"
                    ],
                    "primary": {
                        "id": "uni/infra/accportprof-tf_leaf/hports-tf_test-typ-range/portblk-tf_test_block",
                        "attributes": {
                            "access_port_selector_dn": "uni/infra/accportprof-tf_leaf/hports-tf_test-typ-range",
                            "annotation": "",
                            "description": "",
                            "from_card": "1",
                            "from_port": "1",
                            "id": "uni/infra/accportprof-tf_leaf/hports-tf_test-typ-range/portblk-tf_test_block",
                            "name": "tf_test_block",
                            "name_alias": "",
                            "to_card": "1",
                            "to_port": "1"
                        },
                        "meta": {
                            "schema_version": "1"
                        },
                        "tainted": false
                    },
                    "deposed": [],
                    "provider": "provider.aci"
                },
                "aci_access_port_selector.test_selector": {
                    "type": "aci_access_port_selector",
                    "depends_on": [
                        "aci_leaf_interface_profile.test_leaf_profile"
                    ],
                    "primary": {
                        "id": "uni/infra/accportprof-tf_leaf/hports-tf_test-typ-range",
                        "attributes": {
                            "access_port_selector_type": "range",
                            "annotation": "",
                            "description": "",
                            "id": "uni/infra/accportprof-tf_leaf/hports-tf_test-typ-range",
                            "leaf_interface_profile_dn": "uni/infra/accportprof-tf_leaf",
                            "name": "tf_test-typ-range",
                            "name_alias": ""
                        },
                        "meta": {
                            "schema_version": "1"
                        },
                        "tainted": false
                    },
                    "deposed": [],
                    "provider": "provider.aci"
                },
                "aci_attachable_access_entity_profile.test_ep": {
                    "type": "aci_attachable_access_entity_profile",
                    "depends_on": [],
                    "primary": {
                        "id": "uni/infra/attentp-tf_ep",
                        "attributes": {
                            "annotation": "",
                            "description": "",
                            "id": "uni/infra/attentp-tf_ep",
                            "name": "tf_ep",
                            "name_alias": ""
                        },
                        "meta": {
                            "schema_version": "1"
                        },
                        "tainted": false
                    },
                    "deposed": [],
                    "provider": "provider.aci"
                },
                "aci_end_point_retention_policy.test_ret_policy": {
                    "type": "aci_end_point_retention_policy",
                    "depends_on": [
                        "aci_tenant.test_tenant"
                    ],
                    "primary": {
                        "id": "uni/tn-tf_test_rel_tenant/epRPol-tf_test",
                        "attributes": {
                            "annotation": "",
                            "bounce_age_intvl": "630",
                            "bounce_trig": "protocol",
                            "description": "",
                            "hold_intvl": "300",
                            "id": "uni/tn-tf_test_rel_tenant/epRPol-tf_test",
                            "local_ep_age_intvl": "900",
                            "move_freq": "256",
                            "name": "tf_test",
                            "name_alias": "",
                            "remote_ep_age_intvl": "300",
                            "tenant_dn": "uni/tn-tf_test_rel_tenant"
                        },
                        "meta": {
                            "schema_version": "1"
                        },
                        "tainted": false
                    },
                    "deposed": [],
                    "provider": "provider.aci"
                },
                "aci_interface_fc_policy.test_fc": {
                    "type": "aci_interface_fc_policy",
                    "depends_on": [],
                    "primary": {
                        "id": "uni/infra/fcIfPol-tf_pol",
                        "attributes": {
                            "annotation": "",
                            "automaxspeed": "",
                            "description": "",
                            "fill_pattern": "IDLE",
                            "id": "uni/infra/fcIfPol-tf_pol",
                            "name": "tf_pol",
                            "name_alias": "",
                            "port_mode": "f",
                            "rx_bb_credit": "64",
                            "speed": "auto",
                            "trunk_mode": "trunk-off"
                        },
                        "meta": {
                            "schema_version": "1"
                        },
                        "tainted": false
                    },
                    "deposed": [],
                    "provider": "provider.aci"
                },
                "aci_l2_interface_policy.test_l2": {
                    "type": "aci_l2_interface_policy",
                    "depends_on": [],
                    "primary": {
                        "id": "uni/infra/l2IfP-tf_l2",
                        "attributes": {
                            "annotation": "",
                            "description": "",
                            "id": "uni/infra/l2IfP-tf_l2",
                            "name": "tf_l2",
                            "name_alias": "",
                            "qinq": "disabled",
                            "vepa": "disabled",
                            "vlan_scope": "global"
                        },
                        "meta": {
                            "schema_version": "1"
                        },
                        "tainted": false
                    },
                    "deposed": [],
                    "provider": "provider.aci"
                },
                "aci_lacp_policy.test_lacp": {
                    "type": "aci_lacp_policy",
                    "depends_on": [],
                    "primary": {
                        "id": "uni/infra/lacplagp-tf_test_lacp",
                        "attributes": {
                            "annotation": "",
                            "ctrl": "fast-sel-hot-stdby,graceful-conv,susp-individual",
                            "description": "",
                            "id": "uni/infra/lacplagp-tf_test_lacp",
                            "max_links": "16",
                            "min_links": "1",
                            "mode": "off",
                            "name": "tf_test_lacp",
                            "name_alias": ""
                        },
                        "meta": {
                            "schema_version": "1"
                        },
                        "tainted": false
                    },
                    "deposed": [],
                    "provider": "provider.aci"
                },
                "aci_leaf_access_port_policy_group.test_port_grp": {
                    "type": "aci_leaf_access_port_policy_group",
                    "depends_on": [],
                    "primary": {
                        "id": "uni/infra/funcprof/accportgrp-tf_port_grp",
                        "attributes": {
                            "annotation": "",
                            "description": "",
                            "id": "uni/infra/funcprof/accportgrp-tf_port_grp",
                            "name": "tf_port_grp",
                            "name_alias": ""
                        },
                        "meta": {
                            "schema_version": "1"
                        },
                        "tainted": false
                    },
                    "deposed": [],
                    "provider": "provider.aci"
                },
                "aci_leaf_interface_profile.test_leaf_profile": {
                    "type": "aci_leaf_interface_profile",
                    "depends_on": [],
                    "primary": {
                        "id": "uni/infra/accportprof-tf_leaf",
                        "attributes": {
                            "annotation": "",
                            "description": "",
                            "id": "uni/infra/accportprof-tf_leaf",
                            "name": "tf_leaf",
                            "name_alias": ""
                        },
                        "meta": {
                            "schema_version": "1"
                        },
                        "tainted": false
                    },
                    "deposed": [],
                    "provider": "provider.aci"
                },
                "aci_leaf_profile.tf_leaf_prof": {
                    "type": "aci_leaf_profile",
                    "depends_on": [],
                    "primary": {
                        "id": "uni/infra/nprof-tf_leaf_prof",
                        "attributes": {
                            "annotation": "",
                            "description": "",
                            "id": "uni/infra/nprof-tf_leaf_prof",
                            "name": "tf_leaf_prof",
                            "name_alias": ""
                        },
                        "meta": {
                            "schema_version": "1"
                        },
                        "tainted": false
                    },
                    "deposed": [],
                    "provider": "provider.aci"
                },
                "aci_lldp_interface_policy.test_lldp": {
                    "type": "aci_lldp_interface_policy",
                    "depends_on": [],
                    "primary": {
                        "id": "uni/infra/lldpIfP-tf_lldp",
                        "attributes": {
                            "admin_rx_st": "enabled",
                            "admin_tx_st": "enabled",
                            "annotation": "",
                            "description": "",
                            "id": "uni/infra/lldpIfP-tf_lldp",
                            "name": "tf_lldp",
                            "name_alias": ""
                        },
                        "meta": {
                            "schema_version": "1"
                        },
                        "tainted": false
                    },
                    "deposed": [],
                    "provider": "provider.aci"
                },
                "aci_miscabling_protocol_interface_policy.test_miscable": {
                    "type": "aci_miscabling_protocol_interface_policy",
                    "depends_on": [],
                    "primary": {
                        "id": "uni/infra/mcpIfP-tf_miscable",
                        "attributes": {
                            "admin_st": "enabled",
                            "annotation": "",
                            "description": "",
                            "id": "uni/infra/mcpIfP-tf_miscable",
                            "name": "tf_miscable",
                            "name_alias": ""
                        },
                        "meta": {
                            "schema_version": "1"
                        },
                        "tainted": false
                    },
                    "deposed": [],
                    "provider": "provider.aci"
                },
                "aci_ospf_interface_policy.test_ospf": {
                    "type": "aci_ospf_interface_policy",
                    "depends_on": [
                        "aci_tenant.test_tenant"
                    ],
                    "primary": {
                        "id": "uni/tn-tf_test_rel_tenant/ospfIfPol-tf_ospf",
                        "attributes": {
                            "annotation": "",
                            "cost": "unspecified",
                            "ctrl": "",
                            "dead_intvl": "40",
                            "description": "",
                            "hello_intvl": "10",
                            "id": "uni/tn-tf_test_rel_tenant/ospfIfPol-tf_ospf",
                            "name": "tf_ospf",
                            "name_alias": "",
                            "nw_t": "unspecified",
                            "pfx_suppress": "inherit",
                            "prio": "1",
                            "rexmit_intvl": "5",
                            "tenant_dn": "uni/tn-tf_test_rel_tenant",
                            "xmit_delay": "1"
                        },
                        "meta": {
                            "schema_version": "1"
                        },
                        "tainted": false
                    },
                    "deposed": [],
                    "provider": "provider.aci"
                },
                "aci_pcvpc_interface_policy_group.test_policy_group": {
                    "type": "aci_pcvpc_interface_policy_group",
                    "depends_on": [],
                    "primary": {
                        "id": "uni/infra/funcprof/accbundle-tf_test_grp",
                        "attributes": {
                            "annotation": "",
                            "description": "",
                            "id": "uni/infra/funcprof/accbundle-tf_test_grp",
                            "lag_t": "link",
                            "name": "tf_test_grp",
                            "name_alias": ""
                        },
                        "meta": {
                            "schema_version": "1"
                        },
                        "tainted": false
                    },
                    "deposed": [],
                    "provider": "provider.aci"
                },
                "aci_port_security_policy.test_sec_pol": {
                    "type": "aci_port_security_policy",
                    "depends_on": [],
                    "primary": {
                        "id": "uni/infra/portsecurityP-tf_test_pol",
                        "attributes": {
                            "annotation": "",
                            "description": "",
                            "id": "uni/infra/portsecurityP-tf_test_pol",
                            "maximum": "0",
                            "mode": "",
                            "name": "tf_test_pol",
                            "name_alias": "",
                            "timeout": "60",
                            "violation": "protect"
                        },
                        "meta": {
                            "schema_version": "1"
                        },
                        "tainted": false
                    },
                    "deposed": [],
                    "provider": "provider.aci"
                },
                "aci_tenant.test_tenant": {
                    "type": "aci_tenant",
                    "depends_on": [],
                    "primary": {
                        "id": "uni/tn-tf_test_rel_tenant",
                        "attributes": {
                            "annotation": "",
                            "description": "This tenant is created by terraform",
                            "id": "uni/tn-tf_test_rel_tenant",
                            "name": "tf_test_rel_tenant",
                            "name_alias": ""
                        },
                        "meta": {
                            "schema_version": "1"
                        },
                        "tainted": false
                    },
                    "deposed": [],
                    "provider": "provider.aci"
                },
                "aci_vlan_encapsulationfor_vxlan_traffic.test_vxlan_traffic": {
                    "type": "aci_vlan_encapsulationfor_vxlan_traffic",
                    "depends_on": [
                        "aci_attachable_access_entity_profile.test_ep"
                    ],
                    "primary": {
                        "id": "uni/infra/attentp-tf_ep/provacc",
                        "attributes": {
                            "annotation": "",
                            "attachable_access_entity_profile_dn": "uni/infra",
                            "description": "",
                            "id": "uni/infra/attentp-tf_ep/provacc",
                            "name": "",
                            "name_alias": ""
                        },
                        "meta": {
                            "schema_version": "1"
                        },
                        "tainted": false
                    },
                    "deposed": [],
                    "provider": "provider.aci"
                }
            },
            "depends_on": []
        }
    ]
}
