{"format_version":"1.2","terraform_version":"1.8.5","planned_values":{"root_module":{"resources":[{"address":"aci_application_epg.fooapplication_epg","mode":"managed","type":"aci_application_epg","name":"fooapplication_epg","provider_name":"registry.terraform.io/ciscodevnet/aci","schema_version":2,"values":{"annotation":"tag_epg","application_profile_dn":"aci_application_profile.app_profile_for_epg.id","description":"from terraform","id":"aci_application_profile.app_profile_for_epg.id/epg-demo_epg","name":"demo_epg","name_alias":"alias_epg","parent_dn":"aci_application_profile.app_profile_for_epg.id","relation_fv_rs_node_att":[]},"sensitive_values":{"annotations":[],"epg_useg_block_statement":[],"relation_fv_rs_cons":[],"relation_fv_rs_cons_if":[],"relation_fv_rs_fc_path_att":[],"relation_fv_rs_intra_epg":[],"relation_fv_rs_node_att":[],"relation_fv_rs_path_att":[],"relation_fv_rs_prot_by":[],"relation_fv_rs_prov":[],"relation_fv_rs_sec_inherited":[],"relation_to_application_epg_monitoring_policy":[],"relation_to_bridge_domain":[],"relation_to_consumed_contracts":[],"relation_to_contract_masters":[],"relation_to_custom_qos_policy":[],"relation_to_data_plane_policing_policy":[],"relation_to_domains":[],"relation_to_fibre_channel_paths":[],"relation_to_imported_contracts":[],"relation_to_intra_epg_contracts":[],"relation_to_provided_contracts":[],"relation_to_static_leafs":[],"relation_to_static_paths":[],"relation_to_taboo_contracts":[],"relation_to_trust_control_policy":[],"tags":[]}},{"address":"aci_pim_route_map_policy.full_example_tenant","mode":"managed","type":"aci_pim_route_map_policy","name":"full_example_tenant","provider_name":"registry.terraform.io/ciscodevnet/aci","schema_version":0,"values":{"annotation":"annotation","annotations":[{"key":"key_0","value":"value_1"}],"description":"description","id":"uni/tn-demo_tenant/rtmap-test_name","name":"test_name","name_alias":"name_alias","owner_key":"owner_key","owner_tag":"owner_tag","parent_dn":"uni/tn-demo_tenant","tags":[{"key":"key_0","value":"value_1"}]},"sensitive_values":{"annotations":[{}],"tags":[{}]}}]}},"resource_changes":[{"address":"aci_application_epg.fooapplication_epg","mode":"managed","type":"aci_application_epg","name":"fooapplication_epg","provider_name":"registry.terraform.io/ciscodevnet/aci","change":{"actions":["create"],"before":null,"after":{"annotation":"tag_epg","application_profile_dn":"aci_application_profile.app_profile_for_epg.id","description":"from terraform","id":"aci_application_profile.app_profile_for_epg.id/epg-demo_epg","name":"demo_epg","name_alias":"alias_epg","parent_dn":"aci_application_profile.app_profile_for_epg.id","relation_fv_rs_node_att":[]},"after_unknown":{"admin_state":true,"annotations":true,"contract_exception_tag":true,"epg_useg_block_statement":true,"exception_tag":true,"flood_in_encapsulation":true,"flood_on_encap":true,"forwarding_control":true,"fwd_ctrl":true,"has_mcast_source":true,"has_multicast_source":true,"intra_epg_isolation":true,"is_attr_based_epg":true,"match_criteria":true,"match_t":true,"pc_enf_pref":true,"pc_tag":true,"pref_gr_memb":true,"preferred_group_member":true,"prio":true,"priority":true,"relation_fv_rs_aepg_mon_pol":true,"relation_fv_rs_bd":true,"relation_fv_rs_cons":true,"relation_fv_rs_cons_if":true,"relation_fv_rs_cust_qos_pol":true,"relation_fv_rs_dpp_pol":true,"relation_fv_rs_fc_path_att":true,"relation_fv_rs_intra_epg":true,"relation_fv_rs_node_att":[],"relation_fv_rs_path_att":true,"relation_fv_rs_prot_by":true,"relation_fv_rs_prov":true,"relation_fv_rs_sec_inherited":true,"relation_fv_rs_trust_ctrl":true,"relation_to_application_epg_monitoring_policy":true,"relation_to_bridge_domain":true,"relation_to_consumed_contracts":true,"relation_to_contract_masters":true,"relation_to_custom_qos_policy":true,"relation_to_data_plane_policing_policy":true,"relation_to_domains":true,"relation_to_fibre_channel_paths":true,"relation_to_imported_contracts":true,"relation_to_intra_epg_contracts":true,"relation_to_provided_contracts":true,"relation_to_static_leafs":true,"relation_to_static_paths":true,"relation_to_taboo_contracts":true,"relation_to_trust_control_policy":true,"shutdown":true,"tags":true,"useg_epg":true},"before_sensitive":false,"after_sensitive":{"annotations":[],"epg_useg_block_statement":[],"relation_fv_rs_cons":[],"relation_fv_rs_cons_if":[],"relation_fv_rs_fc_path_att":[],"relation_fv_rs_intra_epg":[],"relation_fv_rs_node_att":[],"relation_fv_rs_path_att":[],"relation_fv_rs_prot_by":[],"relation_fv_rs_prov":[],"relation_fv_rs_sec_inherited":[],"relation_to_application_epg_monitoring_policy":[],"relation_to_bridge_domain":[],"relation_to_consumed_contracts":[],"relation_to_contract_masters":[],"relation_to_custom_qos_policy":[],"relation_to_data_plane_policing_policy":[],"relation_to_domains":[],"relation_to_fibre_channel_paths":[],"relation_to_imported_contracts":[],"relation_to_intra_epg_contracts":[],"relation_to_provided_contracts":[],"relation_to_static_leafs":[],"relation_to_static_paths":[],"relation_to_taboo_contracts":[],"relation_to_trust_control_policy":[],"tags":[]}}},{"address":"aci_pim_route_map_policy.full_example_tenant","mode":"managed","type":"aci_pim_route_map_policy","name":"full_example_tenant","provider_name":"registry.terraform.io/ciscodevnet/aci","change":{"actions":["create"],"before":null,"after":{"annotation":"annotation","annotations":[{"key":"key_0","value":"value_1"}],"description":"description","id":"uni/tn-demo_tenant/rtmap-test_name","name":"test_name","name_alias":"name_alias","owner_key":"owner_key","owner_tag":"owner_tag","parent_dn":"uni/tn-demo_tenant","tags":[{"key":"key_0","value":"value_1"}]},"after_unknown":{},"before_sensitive":false,"after_sensitive":{"annotations":[{}],"tags":[{}]}}}],"configuration":{"provider_config":{"aci":{"name":"aci","full_name":"registry.terraform.io/ciscodevnet/aci","expressions":{"insecure":{"constant_value":true},"password":{"constant_value":"ins3965!"},"url":{"constant_value":"https://173.36.219.79"},"username":{"constant_value":"admin"}}}},"root_module":{"resources":[{"address":"aci_application_epg.fooapplication_epg","mode":"managed","type":"aci_application_epg","name":"fooapplication_epg","provider_config_key":"aci","expressions":{"annotation":{"constant_value":"tag_epg"},"description":{"constant_value":"from terraform"},"name":{"constant_value":"demo_epg"},"name_alias":{"constant_value":"alias_epg"},"parent_dn":{"constant_value":"aci_application_profile.app_profile_for_epg.id"}},"schema_version":2},{"address":"aci_pim_route_map_policy.full_example_tenant","mode":"managed","type":"aci_pim_route_map_policy","name":"full_example_tenant","provider_config_key":"aci","expressions":{"annotation":{"constant_value":"annotation"},"annotations":{"constant_value":[{"key":"key_0","value":"value_1"}]},"description":{"constant_value":"description"},"name":{"constant_value":"test_name"},"name_alias":{"constant_value":"name_alias"},"owner_key":{"constant_value":"owner_key"},"owner_tag":{"constant_value":"owner_tag"},"parent_dn":{"constant_value":"uni/tn-demo_tenant"},"tags":{"constant_value":[{"key":"key_0","value":"value_1"}]}},"schema_version":0}]}},"timestamp":"2024-08-13T17:25:24Z","applyable":true,"complete":true,"errored":false}
