{
    "version": 3,
    "terraform_version": "0.11.11",
    "serial": 23,
    "lineage": "c6cbcaf5-36cf-fa2c-10fa-709384b00b6a",
    "modules": [
        {
            "path": [
                "root"
            ],
            "outputs": {},
            "resources": {
                "aci_application_epg.epg1": {
                    "type": "aci_application_epg",
                    "depends_on": [
                        "aci_application_profile.app1",
                        "aci_bridge_domain.bd1",
                        "aci_contract.contract_epg1_epg2",
                        "aci_vmm_domain.vds"
                    ],
                    "primary": {
                        "id": "uni/tn-terraform_ten/ap-app1/epg-epg1",
                        "attributes": {
                            "application_profile_dn": "uni/tn-terraform_ten/ap-app1",
                            "description": "",
                            "flood_on_encap": "disabled",
                            "fwd_ctrl": "",
                            "id": "uni/tn-terraform_ten/ap-app1/epg-epg1",
                            "is_attr_based_e_pg": "no",
                            "match_t": "AtleastOne",
                            "name": "epg1",
                            "name_alias": "",
                            "pc_enf_pref": "unenforced",
                            "pref_gr_memb": "exclude",
                            "prio": "unspecified",
                            "relation_fv_rs_bd": "bd1",
                            "relation_fv_rs_cons.#": "1",
                            "relation_fv_rs_cons.763657905": "Web",
                            "relation_fv_rs_dom_att.#": "1",
                            "relation_fv_rs_dom_att.225216525": "uni/vmmp-VMware/dom-ESX0-leaf102"
                        },
                        "meta": {
                            "schema_version": "1"
                        },
                        "tainted": false
                    },
                    "deposed": [],
                    "provider": "provider.aci"
                },
                "aci_application_epg.epg2": {
                    "type": "aci_application_epg",
                    "depends_on": [
                        "aci_application_profile.app1",
                        "aci_bridge_domain.bd1",
                        "aci_contract.contract_epg1_epg2",
                        "aci_vmm_domain.vds"
                    ],
                    "primary": {
                        "id": "uni/tn-terraform_ten/ap-app1/epg-epg2",
                        "attributes": {
                            "application_profile_dn": "uni/tn-terraform_ten/ap-app1",
                            "description": "",
                            "flood_on_encap": "disabled",
                            "fwd_ctrl": "",
                            "id": "uni/tn-terraform_ten/ap-app1/epg-epg2",
                            "is_attr_based_e_pg": "no",
                            "match_t": "AtleastOne",
                            "name": "epg2",
                            "name_alias": "",
                            "pc_enf_pref": "unenforced",
                            "pref_gr_memb": "exclude",
                            "prio": "unspecified",
                            "relation_fv_rs_bd": "bd1",
                            "relation_fv_rs_dom_att.#": "1",
                            "relation_fv_rs_dom_att.225216525": "uni/vmmp-VMware/dom-ESX0-leaf102",
                            "relation_fv_rs_prov.#": "1",
                            "relation_fv_rs_prov.763657905": "Web"
                        },
                        "meta": {
                            "schema_version": "1"
                        },
                        "tainted": false
                    },
                    "deposed": [],
                    "provider": "provider.aci"
                },
                "aci_application_profile.app1": {
                    "type": "aci_application_profile",
                    "depends_on": [
                        "aci_tenant.terraform_ten"
                    ],
                    "primary": {
                        "id": "uni/tn-terraform_ten/ap-app1",
                        "attributes": {
                            "description": "",
                            "id": "uni/tn-terraform_ten/ap-app1",
                            "name": "app1",
                            "name_alias": "",
                            "prio": "unspecified",
                            "tenant_dn": "uni/tn-terraform_ten"
                        },
                        "meta": {
                            "schema_version": "1"
                        },
                        "tainted": false
                    },
                    "deposed": [],
                    "provider": "provider.aci"
                },
                "aci_bridge_domain.bd1": {
                    "type": "aci_bridge_domain",
                    "depends_on": [
                        "aci_tenant.terraform_ten",
                        "aci_vrf.vrf1"
                    ],
                    "primary": {
                        "id": "uni/tn-terraform_ten/BD-bd1",
                        "attributes": {
                            "arp_flood": "no",
                            "description": "",
                            "ep_clear": "no",
                            "ep_move_detect_mode": "",
                            "id": "uni/tn-terraform_ten/BD-bd1",
                            "intersite_bum_traffic_allow": "no",
                            "intersite_l2_stretch": "no",
                            "ip_learning": "yes",
                            "limit_ip_learn_to_subnets": "yes",
                            "ll_addr": "::",
                            "mac": "00:22:BD:F8:19:FF",
                            "mcast_allow": "no",
                            "multi_dst_pkt_act": "bd-flood",
                            "name": "bd1",
                            "name_alias": "",
                            "optimize_wan_bandwidth": "no",
                            "relation_fv_rs_ctx": "vrf1",
                            "tenant_dn": "uni/tn-terraform_ten",
                            "type": "regular",
                            "unicast_route": "yes",
                            "unk_mac_ucast_act": "proxy",
                            "unk_mcast_act": "flood",
                            "vmac": "not-applicable"
                        },
                        "meta": {
                            "schema_version": "1"
                        },
                        "tainted": false
                    },
                    "deposed": [],
                    "provider": "provider.aci"
                },
                "aci_contract.contract_epg1_epg2": {
                    "type": "aci_contract",
                    "depends_on": [
                        "aci_tenant.terraform_ten"
                    ],
                    "primary": {
                        "id": "uni/tn-terraform_ten/brc-Web",
                        "attributes": {
                            "description": "",
                            "id": "uni/tn-terraform_ten/brc-Web",
                            "name": "Web",
                            "name_alias": "",
                            "prio": "unspecified",
                            "scope": "context",
                            "target_dscp": "unspecified",
                            "tenant_dn": "uni/tn-terraform_ten"
                        },
                        "meta": {
                            "schema_version": "1"
                        },
                        "tainted": false
                    },
                    "deposed": [],
                    "provider": "provider.aci"
                },
                "aci_contract_subject.Web_subject1": {
                    "type": "aci_contract_subject",
                    "depends_on": [
                        "aci_contract.contract_epg1_epg2",
                        "aci_filter.allow_https",
                        "aci_filter.allow_icmp"
                    ],
                    "primary": {
                        "id": "uni/tn-terraform_ten/brc-Web/subj-Subject",
                        "attributes": {
                            "cons_match_t": "AtleastOne",
                            "contract_dn": "uni/tn-terraform_ten/brc-Web",
                            "description": "",
                            "id": "uni/tn-terraform_ten/brc-Web/subj-Subject",
                            "name": "Subject",
                            "name_alias": "",
                            "prio": "unspecified",
                            "prov_match_t": "AtleastOne",
                            "relation_vz_rs_subj_filt_att.#": "2",
                            "relation_vz_rs_subj_filt_att.2925075057": "allow_https",
                            "relation_vz_rs_subj_filt_att.3184472117": "allow_icmp",
                            "rev_flt_ports": "yes",
                            "target_dscp": "unspecified"
                        },
                        "meta": {
                            "schema_version": "1"
                        },
                        "tainted": false
                    },
                    "deposed": [],
                    "provider": "provider.aci"
                },
                "aci_filter.allow_https": {
                    "type": "aci_filter",
                    "depends_on": [
                        "aci_tenant.terraform_ten"
                    ],
                    "primary": {
                        "id": "uni/tn-terraform_ten/flt-allow_https",
                        "attributes": {
                            "description": "",
                            "id": "uni/tn-terraform_ten/flt-allow_https",
                            "name": "allow_https",
                            "name_alias": "",
                            "tenant_dn": "uni/tn-terraform_ten"
                        },
                        "meta": {
                            "schema_version": "1"
                        },
                        "tainted": false
                    },
                    "deposed": [],
                    "provider": "provider.aci"
                },
                "aci_filter.allow_icmp": {
                    "type": "aci_filter",
                    "depends_on": [
                        "aci_tenant.terraform_ten"
                    ],
                    "primary": {
                        "id": "uni/tn-terraform_ten/flt-allow_icmp",
                        "attributes": {
                            "description": "",
                            "id": "uni/tn-terraform_ten/flt-allow_icmp",
                            "name": "allow_icmp",
                            "name_alias": "",
                            "tenant_dn": "uni/tn-terraform_ten"
                        },
                        "meta": {
                            "schema_version": "1"
                        },
                        "tainted": false
                    },
                    "deposed": [],
                    "provider": "provider.aci"
                },
                "aci_filter_entry.https": {
                    "type": "aci_filter_entry",
                    "depends_on": [
                        "aci_filter.allow_https"
                    ],
                    "primary": {
                        "id": "uni/tn-terraform_ten/flt-allow_https/e-https",
                        "attributes": {
                            "apply_to_frag": "no",
                            "arp_opc": "unspecified",
                            "d_from_port": "https",
                            "d_to_port": "https",
                            "description": "",
                            "ether_t": "ip",
                            "filter_dn": "uni/tn-terraform_ten/flt-allow_https",
                            "icmpv4_t": "unspecified",
                            "icmpv6_t": "unspecified",
                            "id": "uni/tn-terraform_ten/flt-allow_https/e-https",
                            "match_dscp": "unspecified",
                            "name": "https",
                            "name_alias": "",
                            "prot": "tcp",
                            "s_from_port": "unspecified",
                            "s_to_port": "unspecified",
                            "stateful": "yes",
                            "tcp_rules": ""
                        },
                        "meta": {
                            "schema_version": "1"
                        },
                        "tainted": false
                    },
                    "deposed": [],
                    "provider": "provider.aci"
                },
                "aci_filter_entry.icmp": {
                    "type": "aci_filter_entry",
                    "depends_on": [
                        "aci_filter.allow_icmp"
                    ],
                    "primary": {
                        "id": "uni/tn-terraform_ten/flt-allow_icmp/e-icmp",
                        "attributes": {
                            "apply_to_frag": "no",
                            "arp_opc": "unspecified",
                            "d_from_port": "unspecified",
                            "d_to_port": "unspecified",
                            "description": "",
                            "ether_t": "ip",
                            "filter_dn": "uni/tn-terraform_ten/flt-allow_icmp",
                            "icmpv4_t": "unspecified",
                            "icmpv6_t": "unspecified",
                            "id": "uni/tn-terraform_ten/flt-allow_icmp/e-icmp",
                            "match_dscp": "unspecified",
                            "name": "icmp",
                            "name_alias": "",
                            "prot": "icmp",
                            "s_from_port": "unspecified",
                            "s_to_port": "unspecified",
                            "stateful": "yes",
                            "tcp_rules": ""
                        },
                        "meta": {
                            "schema_version": "1"
                        },
                        "tainted": false
                    },
                    "deposed": [],
                    "provider": "provider.aci"
                },
                "aci_subnet.bd1_subnet": {
                    "type": "aci_subnet",
                    "depends_on": [
                        "aci_bridge_domain.bd1"
                    ],
                    "primary": {
                        "id": "uni/tn-terraform_ten/BD-bd1/subnet-[1.1.1.1/24]",
                        "attributes": {
                            "bridge_domain_dn": "uni/tn-terraform_ten/BD-bd1",
                            "ctrl": "nd",
                            "description": "",
                            "id": "uni/tn-terraform_ten/BD-bd1/subnet-[1.1.1.1/24]",
                            "ip": "1.1.1.1/24",
                            "name": "Subnet",
                            "name_alias": "",
                            "preferred": "no",
                            "scope": "private",
                            "virtual": "no"
                        },
                        "meta": {
                            "schema_version": "1"
                        },
                        "tainted": false
                    },
                    "deposed": [],
                    "provider": "provider.aci"
                },
                "aci_tenant.terraform_ten": {
                    "type": "aci_tenant",
                    "depends_on": [],
                    "primary": {
                        "id": "uni/tn-terraform_ten",
                        "attributes": {
                            "description": "",
                            "id": "uni/tn-terraform_ten",
                            "name": "terraform_ten",
                            "name_alias": ""
                        },
                        "meta": {
                            "schema_version": "1"
                        },
                        "tainted": false
                    },
                    "deposed": [],
                    "provider": "provider.aci"
                },
                "aci_vmm_domain.vds": {
                    "type": "aci_vmm_domain",
                    "depends_on": [],
                    "primary": {
                        "id": "uni/vmmp-VMware/dom-ESX0-leaf102",
                        "attributes": {
                            "access_mode": "read-write",
                            "arp_learning": "",
                            "ctrl_knob": "epDpVerify",
                            "delimiter": "",
                            "description": "{}",
                            "enable_ave": "no",
                            "encap_mode": "unknown",
                            "enf_pref": "hw",
                            "ep_ret_time": "0",
                            "id": "uni/vmmp-VMware/dom-ESX0-leaf102",
                            "mcast_addr": "0.0.0.0",
                            "mode": "default",
                            "name": "ESX0-leaf102",
                            "name_alias": "",
                            "pref_encap_mode": "unspecified",
                            "provider_profile_dn": "uni/vmmp-VMware"
                        },
                        "meta": {
                            "schema_version": "1"
                        },
                        "tainted": false
                    },
                    "deposed": [],
                    "provider": "provider.aci"
                },
                "aci_vrf.vrf1": {
                    "type": "aci_vrf",
                    "depends_on": [
                        "aci_tenant.terraform_ten"
                    ],
                    "primary": {
                        "id": "uni/tn-terraform_ten/ctx-vrf1",
                        "attributes": {
                            "bd_enforced_enable": "no",
                            "description": "",
                            "id": "uni/tn-terraform_ten/ctx-vrf1",
                            "knw_mcast_act": "permit",
                            "name": "vrf1",
                            "name_alias": "",
                            "pc_enf_dir": "ingress",
                            "pc_enf_pref": "enforced",
                            "tenant_dn": "uni/tn-terraform_ten"
                        },
                        "meta": {
                            "schema_version": "1"
                        },
                        "tainted": false
                    },
                    "deposed": [],
                    "provider": "provider.aci"
                },
                "data.vsphere_datacenter.dc": {
                    "type": "vsphere_datacenter",
                    "depends_on": [],
                    "primary": {
                        "id": "datacenter-46",
                        "attributes": {
                            "id": "datacenter-46",
                            "name": "ESX0"
                        },
                        "meta": {},
                        "tainted": false
                    },
                    "deposed": [],
                    "provider": "provider.vsphere"
                },
                "data.vsphere_datastore.ds": {
                    "type": "vsphere_datastore",
                    "depends_on": [
                        "data.vsphere_datacenter.dc"
                    ],
                    "primary": {
                        "id": "datastore-53",
                        "attributes": {
                            "datacenter_id": "datacenter-46",
                            "id": "datastore-53",
                            "name": "datastore1"
                        },
                        "meta": {},
                        "tainted": false
                    },
                    "deposed": [],
                    "provider": "provider.vsphere"
                },
                "data.vsphere_host.host": {
                    "type": "vsphere_host",
                    "depends_on": [
                        "data.vsphere_datacenter.dc"
                    ],
                    "primary": {
                        "id": "host-28",
                        "attributes": {
                            "datacenter_id": "datacenter-46",
                            "id": "host-28",
                            "name": "10.23.239.30",
                            "resource_pool_id": "resgroup-27"
                        },
                        "meta": {},
                        "tainted": false
                    },
                    "deposed": [],
                    "provider": "provider.vsphere"
                },
                "data.vsphere_network.vm1_net": {
                    "type": "vsphere_network",
                    "depends_on": [
                        "aci_application_epg.epg1",
                        "aci_application_profile.app1",
                        "aci_tenant.terraform_ten",
                        "data.vsphere_datacenter.dc"
                    ],
                    "primary": {
                        "id": "dvportgroup-230",
                        "attributes": {
                            "datacenter_id": "datacenter-46",
                            "id": "dvportgroup-230",
                            "name": "terraform_ten|app1|epg1",
                            "type": "DistributedVirtualPortgroup"
                        },
                        "meta": {},
                        "tainted": false
                    },
                    "deposed": [],
                    "provider": "provider.vsphere"
                },
                "data.vsphere_network.vm2_net": {
                    "type": "vsphere_network",
                    "depends_on": [
                        "aci_application_epg.epg1",
                        "aci_application_profile.app1",
                        "aci_tenant.terraform_ten",
                        "data.vsphere_datacenter.dc"
                    ],
                    "primary": {
                        "id": "dvportgroup-230",
                        "attributes": {
                            "datacenter_id": "datacenter-46",
                            "id": "dvportgroup-230",
                            "name": "terraform_ten|app1|epg1",
                            "type": "DistributedVirtualPortgroup"
                        },
                        "meta": {},
                        "tainted": false
                    },
                    "deposed": [],
                    "provider": "provider.vsphere"
                },
                "data.vsphere_virtual_machine.template": {
                    "type": "vsphere_virtual_machine",
                    "depends_on": [
                        "data.vsphere_datacenter.dc"
                    ],
                    "primary": {
                        "id": "4212d78d-068f-628d-ceb4-203f98f440fa",
                        "attributes": {
                            "alternate_guest_name": "",
                            "datacenter_id": "datacenter-46",
                            "disks.#": "1",
                            "disks.0.eagerly_scrub": "false",
                            "disks.0.size": "100",
                            "disks.0.thin_provisioned": "true",
                            "firmware": "bios",
                            "guest_id": "rhel7_64Guest",
                            "id": "4212d78d-068f-628d-ceb4-203f98f440fa",
                            "name": "ubuntu-1404-template",
                            "network_interface_types.#": "2",
                            "network_interface_types.0": "vmxnet3",
                            "network_interface_types.1": "vmxnet3",
                            "scsi_bus_sharing": "noSharing",
                            "scsi_controller_scan_count": "1",
                            "scsi_type": "pvscsi"
                        },
                        "meta": {},
                        "tainted": false
                    },
                    "deposed": [],
                    "provider": "provider.vsphere"
                }
            },
            "depends_on": []
        }
    ]
}
