{
    "version": 3,
    "terraform_version": "0.11.11",
    "serial": 18,
    "lineage": "bb139ca6-a8ba-c12c-89c8-22304857bc14",
    "modules": [
        {
            "path": [
                "root"
            ],
            "outputs": {},
            "resources": {
                "aci_rest.rest_mon_epg_pol": {
                    "type": "aci_rest",
                    "depends_on": [
                        "aci_tenant.test_tenant"
                    ],
                    "primary": {
                        "id": "uni/tn-tf_test_rel_tenant/monepg-testpol",
                        "attributes": {
                            "class_name": "monEPGPol",
                            "content.%": "1",
                            "content.name": "testpol",
                            "id": "uni/tn-tf_test_rel_tenant/monepg-testpol",
                            "path": "api/node/mo/uni/tn-tf_test_rel_tenant/monepg-testpol.json"
                        },
                        "meta": {
                            "schema_version": "1"
                        },
                        "tainted": false
                    },
                    "deposed": [],
                    "provider": "provider.aci"
                }
            },
            "depends_on": []
        }
    ]
}
