{
    "version": 3,
    "terraform_version": "0.11.11",
    "serial": 8,
    "lineage": "688e9eb3-caf4-9d39-85bb-d52ba03d0bf9",
    "modules": [
        {
            "path": [
                "root"
            ],
            "outputs": {},
            "resources": {
                "aci_application_profile.demo_app_profile": {
                    "type": "aci_application_profile",
                    "depends_on": [
                        "aci_rest.rest_mon_epg_pol",
                        "aci_tenant.tenant_for_ap"
                    ],
                    "primary": {
                        "id": "uni/tn-tenant_for_ap/ap-test_tf_ap",
                        "attributes": {
                            "annotation": "test_ap_anot",
                            "description": "This app profile is created by terraform ACI provider",
                            "id": "uni/tn-tenant_for_ap/ap-test_tf_ap",
                            "name": "test_tf_ap",
                            "name_alias": "",
                            "prio": "unspecified",
                            "relation_fv_rs_ap_mon_pol": "uni/tn-tenant_for_ap/monepg-testpol",
                            "tenant_dn": "uni/tn-tenant_for_ap"
                        },
                        "meta": {
                            "schema_version": "1"
                        },
                        "tainted": false
                    },
                    "deposed": [],
                    "provider": "provider.aci"
                },
                "aci_rest.rest_mon_epg_pol": {
                    "type": "aci_rest",
                    "depends_on": [
                        "aci_tenant.tenant_for_ap"
                    ],
                    "primary": {
                        "id": "uni/tn-tenant_for_ap/monepg-testpol",
                        "attributes": {
                            "class_name": "monEPGPol",
                            "content.%": "1",
                            "content.name": "testpol",
                            "id": "uni/tn-tenant_for_ap/monepg-testpol",
                            "path": "api/node/mo/uni/tn-tenant_for_ap/monepg-testpol.json"
                        },
                        "meta": {
                            "schema_version": "1"
                        },
                        "tainted": false
                    },
                    "deposed": [],
                    "provider": "provider.aci"
                },
                "aci_tenant.tenant_for_ap": {
                    "type": "aci_tenant",
                    "depends_on": [],
                    "primary": {
                        "id": "uni/tn-tenant_for_ap",
                        "attributes": {
                            "annotation": "",
                            "description": "This tenant is created by terraform ACI provider",
                            "id": "uni/tn-tenant_for_ap",
                            "name": "tenant_for_ap",
                            "name_alias": ""
                        },
                        "meta": {
                            "schema_version": "1"
                        },
                        "tainted": false
                    },
                    "deposed": [],
                    "provider": "provider.aci"
                }
            },
            "depends_on": []
        }
    ]
}
