{"format_version":"1.2","terraform_version":"1.8.5","planned_values":{"root_module":{"resources":[{"address":"aci_tenant.terraform_tenant","mode":"managed","type":"aci_tenant","name":"terraform_tenant","provider_name":"registry.terraform.io/ciscodevnet/aci","schema_version":1,"values":{"annotation":"orchestrator:terraform","description":"This tenant is created by terraform","name":"example_tenant","relation_fv_rs_tn_deny_rule":null},"sensitive_values":{}},{"address":"aci_vrf_fallback_route_group.full_example_vrf","mode":"managed","type":"aci_vrf_fallback_route_group","name":"full_example_vrf","provider_name":"registry.terraform.io/ciscodevnet/aci","schema_version":0,"values":{"annotation":"annotation","annotations":[{"key":"key_0","value":"value_1"}],"description":"description","name":"fallback_route_group","name_alias":"name_alias","parent_dn":"uni/tn-example_tenant","tags":[{"key":"key_0","value":"value_1"}],"vrf_fallback_route_group_members":[{"annotation":"annotation_1","description":"description_1","fallback_member":"2.2.2.2","name":"name_1","name_alias":"name_alias_1"}]},"sensitive_values":{"annotations":[{}],"tags":[{}],"vrf_fallback_route_group_members":[{}]}}]}},"resource_changes":[{"address":"aci_tenant.terraform_tenant","mode":"managed","type":"aci_tenant","name":"terraform_tenant","provider_name":"registry.terraform.io/ciscodevnet/aci","change":{"actions":["create"],"before":null,"after":{"annotation":"orchestrator:terraform","description":"This tenant is created by terraform","name":"example_tenant","relation_fv_rs_tn_deny_rule":null},"after_unknown":{"id":true,"name_alias":true,"relation_fv_rs_tenant_mon_pol":true},"before_sensitive":false,"after_sensitive":{}}},{"address":"aci_vrf_fallback_route_group.full_example_vrf","mode":"managed","type":"aci_vrf_fallback_route_group","name":"full_example_vrf","provider_name":"registry.terraform.io/ciscodevnet/aci","change":{"actions":["create"],"before":null,"after":{"annotation":"annotation","annotations":[{"key":"key_0","value":"value_1"}],"description":"description","name":"fallback_route_group","name_alias":"name_alias","parent_dn":"uni/tn-example_tenant","tags":[{"key":"key_0","value":"value_1"}],"vrf_fallback_route_group_members":[{"annotation":"annotation_1","description":"description_1","fallback_member":"2.2.2.2","name":"name_1","name_alias":"name_alias_1"}]},"after_unknown":{"annotations":[{}],"id":true,"tags":[{}],"vrf_fallback_route_group_members":[{}]},"before_sensitive":false,"after_sensitive":{"annotations":[{}],"tags":[{}],"vrf_fallback_route_group_members":[{}]}}}],"configuration":{"provider_config":{"aci":{"name":"aci","full_name":"registry.terraform.io/ciscodevnet/aci","expressions":{"insecure":{"constant_value":true},"password":{"constant_value":"ins3965!"},"url":{"constant_value":"https://173.36.219.79"},"username":{"constant_value":"admin"}}}},"root_module":{"resources":[{"address":"aci_tenant.terraform_tenant","mode":"managed","type":"aci_tenant","name":"terraform_tenant","provider_config_key":"aci","expressions":{"description":{"constant_value":"This tenant is created by terraform"},"name":{"constant_value":"example_tenant"}},"schema_version":1},{"address":"aci_vrf_fallback_route_group.full_example_vrf","mode":"managed","type":"aci_vrf_fallback_route_group","name":"full_example_vrf","provider_config_key":"aci","expressions":{"annotation":{"constant_value":"annotation"},"annotations":{"constant_value":[{"key":"key_0","value":"value_1"}]},"description":{"constant_value":"description"},"name":{"constant_value":"fallback_route_group"},"name_alias":{"constant_value":"name_alias"},"parent_dn":{"constant_value":"uni/tn-example_tenant"},"tags":{"constant_value":[{"key":"key_0","value":"value_1"}]},"vrf_fallback_route_group_members":{"constant_value":[{"annotation":"annotation_1","description":"description_1","fallback_member":"2.2.2.2","name":"name_1","name_alias":"name_alias_1"}]}},"schema_version":0}]}},"timestamp":"2024-07-29T03:50:27Z","applyable":true,"complete":true,"errored":false}
