{"format_version":"1.2","terraform_version":"1.8.5","planned_values":{"root_module":{"resources":[{"address":"aci_external_management_network_instance_profile.full_example","mode":"managed","type":"aci_external_management_network_instance_profile","name":"full_example","provider_name":"registry.terraform.io/ciscodevnet/aci","schema_version":0,"values":{"annotation":"woidid","annotations":[{"key":"key_0","value":"value_1"}],"description":"description","name":"test_name","name_alias":"name_alias","priority":"level1","relation_to_consumed_out_of_band_contracts":[{"annotation":"annotation_1","out_of_band_contract_name":"aci_out_of_band_contract.example.name","priority":"level1"}],"tags":[{"key":"key_0","value":"value_1"}]},"sensitive_values":{"annotations":[{}],"relation_to_consumed_out_of_band_contracts":[{}],"tags":[{}]}},{"address":"aci_l3out_consumer_label.full_example_l3_outside","mode":"managed","type":"aci_l3out_consumer_label","name":"full_example_l3_outside","provider_name":"registry.terraform.io/ciscodevnet/aci","schema_version":0,"values":{"annotation":"annotation","annotations":[{"key":"key_0","value":"value_1"}],"description":"description","name":"test_name","name_alias":"name_alias","owner":"infra","owner_key":"owner_key","owner_tag":"owner_tag","parent_dn":"uni/tn-mgmt/extmgmt-default/instp-test_name","tag":"lemon-chiffon","tags":[{"key":"key_0","value":"value_1"}]},"sensitive_values":{"annotations":[{}],"tags":[{}]}},{"address":"aci_netflow_monitor_policy.full_example_tenant","mode":"managed","type":"aci_netflow_monitor_policy","name":"full_example_tenant","provider_name":"registry.terraform.io/ciscodevnet/aci","schema_version":0,"values":{"annotation":"annotation","annotations":[{"key":"key_0","value":"value_1"}],"description":"description","name":"netfow_monitor","name_alias":"name_alias","owner_key":"owner_key","owner_tag":"owner_tag","parent_dn":"uni/tn-mgmt/extmgmt-default/instp-test_name","relation_to_netflow_exporters":[{"annotation":"annotation_1","netflow_exporter_policy_name":"aci_netflow_exporter_policy.example.name"}],"relation_to_netflow_record":[{"annotation":"annotation_1","netflow_record_policy_name":"aci_netflow_record_policy.example.name"}],"tags":[{"key":"key_0","value":"value_1"}]},"sensitive_values":{"annotations":[{}],"relation_to_netflow_exporters":[{}],"relation_to_netflow_record":[{}],"tags":[{}]}}]}},"resource_changes":[{"address":"aci_external_management_network_instance_profile.full_example","mode":"managed","type":"aci_external_management_network_instance_profile","name":"full_example","provider_name":"registry.terraform.io/ciscodevnet/aci","change":{"actions":["create"],"before":null,"after":{"annotation":"woidid","annotations":[{"key":"key_0","value":"value_1"}],"description":"description","name":"test_name","name_alias":"name_alias","priority":"level1","relation_to_consumed_out_of_band_contracts":[{"annotation":"annotation_1","out_of_band_contract_name":"aci_out_of_band_contract.example.name","priority":"level1"}],"tags":[{"key":"key_0","value":"value_1"}]},"after_unknown":{"annotations":[{}],"id":true,"relation_to_consumed_out_of_band_contracts":[{}],"tags":[{}]},"before_sensitive":false,"after_sensitive":{"annotations":[{}],"relation_to_consumed_out_of_band_contracts":[{}],"tags":[{}]}}},{"address":"aci_l3out_consumer_label.full_example_l3_outside","mode":"managed","type":"aci_l3out_consumer_label","name":"full_example_l3_outside","provider_name":"registry.terraform.io/ciscodevnet/aci","change":{"actions":["create"],"before":null,"after":{"annotation":"annotation","annotations":[{"key":"key_0","value":"value_1"}],"description":"description","name":"test_name","name_alias":"name_alias","owner":"infra","owner_key":"owner_key","owner_tag":"owner_tag","parent_dn":"uni/tn-mgmt/extmgmt-default/instp-test_name","tag":"lemon-chiffon","tags":[{"key":"key_0","value":"value_1"}]},"after_unknown":{"annotations":[{}],"id":true,"tags":[{}]},"before_sensitive":false,"after_sensitive":{"annotations":[{}],"tags":[{}]}}},{"address":"aci_netflow_monitor_policy.full_example_tenant","mode":"managed","type":"aci_netflow_monitor_policy","name":"full_example_tenant","provider_name":"registry.terraform.io/ciscodevnet/aci","change":{"actions":["create"],"before":null,"after":{"annotation":"annotation","annotations":[{"key":"key_0","value":"value_1"}],"description":"description","name":"netfow_monitor","name_alias":"name_alias","owner_key":"owner_key","owner_tag":"owner_tag","parent_dn":"uni/tn-mgmt/extmgmt-default/instp-test_name","relation_to_netflow_exporters":[{"annotation":"annotation_1","netflow_exporter_policy_name":"aci_netflow_exporter_policy.example.name"}],"relation_to_netflow_record":[{"annotation":"annotation_1","netflow_record_policy_name":"aci_netflow_record_policy.example.name"}],"tags":[{"key":"key_0","value":"value_1"}]},"after_unknown":{"annotations":[{}],"id":true,"relation_to_netflow_exporters":[{}],"relation_to_netflow_record":[{}],"tags":[{}]},"before_sensitive":false,"after_sensitive":{"annotations":[{}],"relation_to_netflow_exporters":[{}],"relation_to_netflow_record":[{}],"tags":[{}]}}}],"configuration":{"provider_config":{"aci":{"name":"aci","full_name":"registry.terraform.io/ciscodevnet/aci","expressions":{"insecure":{"constant_value":true},"password":{"constant_value":"ins3965!"},"url":{"constant_value":"https://173.36.219.79"},"username":{"constant_value":"admin"}}}},"root_module":{"resources":[{"address":"aci_external_management_network_instance_profile.full_example","mode":"managed","type":"aci_external_management_network_instance_profile","name":"full_example","provider_config_key":"aci","expressions":{"annotation":{"constant_value":"woidid"},"annotations":{"constant_value":[{"key":"key_0","value":"value_1"}]},"description":{"constant_value":"description"},"name":{"constant_value":"test_name"},"name_alias":{"constant_value":"name_alias"},"priority":{"constant_value":"level1"},"relation_to_consumed_out_of_band_contracts":{"constant_value":[{"annotation":"annotation_1","out_of_band_contract_name":"aci_out_of_band_contract.example.name","priority":"level1"}]},"tags":{"constant_value":[{"key":"key_0","value":"value_1"}]}},"schema_version":0},{"address":"aci_l3out_consumer_label.full_example_l3_outside","mode":"managed","type":"aci_l3out_consumer_label","name":"full_example_l3_outside","provider_config_key":"aci","expressions":{"annotation":{"constant_value":"annotation"},"annotations":{"constant_value":[{"key":"key_0","value":"value_1"}]},"description":{"constant_value":"description"},"name":{"constant_value":"test_name"},"name_alias":{"constant_value":"name_alias"},"owner":{"constant_value":"infra"},"owner_key":{"constant_value":"owner_key"},"owner_tag":{"constant_value":"owner_tag"},"parent_dn":{"constant_value":"uni/tn-mgmt/extmgmt-default/instp-test_name"},"tag":{"constant_value":"lemon-chiffon"},"tags":{"constant_value":[{"key":"key_0","value":"value_1"}]}},"schema_version":0},{"address":"aci_netflow_monitor_policy.full_example_tenant","mode":"managed","type":"aci_netflow_monitor_policy","name":"full_example_tenant","provider_config_key":"aci","expressions":{"annotation":{"constant_value":"annotation"},"annotations":{"constant_value":[{"key":"key_0","value":"value_1"}]},"description":{"constant_value":"description"},"name":{"constant_value":"netfow_monitor"},"name_alias":{"constant_value":"name_alias"},"owner_key":{"constant_value":"owner_key"},"owner_tag":{"constant_value":"owner_tag"},"parent_dn":{"constant_value":"uni/tn-mgmt/extmgmt-default/instp-test_name"},"relation_to_netflow_exporters":{"constant_value":[{"annotation":"annotation_1","netflow_exporter_policy_name":"aci_netflow_exporter_policy.example.name"}]},"relation_to_netflow_record":{"constant_value":[{"annotation":"annotation_1","netflow_record_policy_name":"aci_netflow_record_policy.example.name"}]},"tags":{"constant_value":[{"key":"key_0","value":"value_1"}]}},"schema_version":0}]}},"timestamp":"2024-08-08T04:59:10Z","applyable":true,"complete":true,"errored":false}
