{
    "format_version": "1.2",
    "terraform_version": "1.8.5",
    "planned_values": {
        "root_module": {
            "resources": [{
                "address": "aci_endpoint_tag_ip.full_example_tenant",
                "mode": "managed",
                "type": "aci_endpoint_tag_ip",
                "name": "full_example_tenant",
                "provider_name": "registry.terraform.io/ciscodevnet/aci",
                "schema_version": 0,
                "values": {
                    "annotation": "annotation",
                    "annotations": [{
                        "key": "key_0",
                        "value": "value_1"
                    }],
                    "id_attribute": "1",
                    "ip": "10.0.0.2",
                    "name": "WOW",
                    "name_alias": "name_alias",
                    "parent_dn": "uni/tn-example_tenant",
                    "tags": [{
                        "key": "key_0",
                        "value": "value_1"
                    }],
                    "vrf_name": "test_ctx_name"
                },
                "sensitive_values": {
                    "annotations": [{}],
                    "tags": [{}]
                }
            }, {
                "address": "aci_external_management_network_instance_profile.full_example",
                "mode": "managed",
                "type": "aci_external_management_network_instance_profile",
                "name": "full_example",
                "provider_name": "registry.terraform.io/ciscodevnet/aci",
                "schema_version": 0,
                "values": {
                    "annotation": "annotation",
                    "annotations": [{
                        "key": "key_0",
                        "value": "value_1"
                    }],
                    "description": "description",
                    "name": "test_name",
                    "name_alias": "name_alias",
                    "priority": "level1",
                    "relation_to_consumed_out_of_band_contracts": [{
                        "annotation": "annotation_1",
                        "out_of_band_contract_name": "aci_out_of_band_contract.example.name",
                        "priority": "level1"
                    }],
                    "tags": [{
                        "key": "key_0",
                        "value": "value_1"
                    }]
                },
                "sensitive_values": {
                    "annotations": [{}],
                    "relation_to_consumed_out_of_band_contracts": [{}],
                    "tags": [{}]
                }
            }, {
                "address": "aci_vrf_fallback_route_group.full_example_vrf",
                "mode": "managed",
                "type": "aci_vrf_fallback_route_group",
                "name": "full_example_vrf",
                "provider_name": "registry.terraform.io/ciscodevnet/aci",
                "schema_version": 0,
                "values": {
                    "annotation": "annotation",
                    "annotations": [{
                        "key": "key_0",
                        "value": "value_1"
                    }],
                    "description": "description",
                    "name": "fallback_route_group",
                    "name_alias": "name_alias",
                    "parent_dn": "uni/tn-example_tenant",
                    "tags": [{
                        "key": "key_0",
                        "value": "value_1"
                    }],
                    "vrf_fallback_route_group_members": [{
                        "annotation": "annotation_1",
                        "description": "description_1",
                        "fallback_member": "2.2.2.2",
                        "name": "name_1",
                        "name_alias": "name_alias_1"
                    }]
                },
                "sensitive_values": {
                    "annotations": [{}],
                    "tags": [{}],
                    "vrf_fallback_route_group_members": [{}]
                }
            }]
        }
    },
    "resource_changes": [{
        "address": "aci_endpoint_tag_ip.full_example_tenant",
        "mode": "managed",
        "type": "aci_endpoint_tag_ip",
        "name": "full_example_tenant",
        "provider_name": "registry.terraform.io/ciscodevnet/aci",
        "change": {
            "actions": ["create"],
            "before": null,
            "after": {
                "annotation": "annotation",
                "annotations": [{
                    "key": "key_0",
                    "value": "value_1"
                }],
                "id_attribute": "1",
                "ip": "10.0.0.2",
                "name": "WOW",
                "name_alias": "name_alias",
                "parent_dn": "uni/tn-example_tenant",
                "tags": [{
                    "key": "key_0",
                    "value": "value_1"
                }],
                "vrf_name": "test_ctx_name"
            },
            "after_unknown": {
                "annotations": [{}],
                "id": true,
                "tags": [{}]
            },
            "before_sensitive": false,
            "after_sensitive": {
                "annotations": [{}],
                "tags": [{}]
            }
        }
    }, {
        "address": "aci_external_management_network_instance_profile.full_example",
        "mode": "managed",
        "type": "aci_external_management_network_instance_profile",
        "name": "full_example",
        "provider_name": "registry.terraform.io/ciscodevnet/aci",
        "change": {
            "actions": ["create"],
            "before": null,
            "after": {
                "annotation": "annotation",
                "annotations": [{
                    "key": "key_0",
                    "value": "value_1"
                }],
                "description": "description",
                "name": "test_name",
                "name_alias": "name_alias",
                "priority": "level1",
                "relation_to_consumed_out_of_band_contracts": [{
                    "annotation": "annotation_1",
                    "out_of_band_contract_name": "aci_out_of_band_contract.example.name",
                    "priority": "level1"
                }],
                "tags": [{
                    "key": "key_0",
                    "value": "value_1"
                }]
            },
            "after_unknown": {
                "annotations": [{}],
                "id": true,
                "relation_to_consumed_out_of_band_contracts": [{}],
                "tags": [{}]
            },
            "before_sensitive": false,
            "after_sensitive": {
                "annotations": [{}],
                "relation_to_consumed_out_of_band_contracts": [{}],
                "tags": [{}]
            }
        }
    }, {
        "address": "aci_vrf_fallback_route_group.full_example_vrf",
        "mode": "managed",
        "type": "aci_vrf_fallback_route_group",
        "name": "full_example_vrf",
        "provider_name": "registry.terraform.io/ciscodevnet/aci",
        "change": {
            "actions": ["create"],
            "before": null,
            "after": {
                "annotation": "annotation",
                "annotations": [{
                    "key": "key_0",
                    "value": "value_1"
                }],
                "description": "description",
                "name": "fallback_route_group",
                "name_alias": "name_alias",
                "parent_dn": "uni/tn-example_tenant",
                "tags": [{
                    "key": "key_0",
                    "value": "value_1"
                }],
                "vrf_fallback_route_group_members": [{
                    "annotation": "annotation_1",
                    "description": "description_1",
                    "fallback_member": "2.2.2.2",
                    "name": "name_1",
                    "name_alias": "name_alias_1"
                }]
            },
            "after_unknown": {
                "annotations": [{}],
                "id": true,
                "tags": [{}],
                "vrf_fallback_route_group_members": [{}]
            },
            "before_sensitive": false,
            "after_sensitive": {
                "annotations": [{}],
                "tags": [{}],
                "vrf_fallback_route_group_members": [{}]
            }
        }
    }],
    "configuration": {
        "provider_config": {
            "aci": {
                "name": "aci",
                "full_name": "registry.terraform.io/ciscodevnet/aci",
                "expressions": {
                    "insecure": {
                        "constant_value": true
                    },
                    "password": {
                        "constant_value": "!v3G@!4@Y"
                    },
                    "url": {
                        "constant_value": "https://sandboxapicdc.cisco.com"
                    },
                    "username": {
                        "constant_value": "admin"
                    }
                }
            }
        },
        "root_module": {
            "resources": [{
                "address": "aci_endpoint_tag_ip.full_example_tenant",
                "mode": "managed",
                "type": "aci_endpoint_tag_ip",
                "name": "full_example_tenant",
                "provider_config_key": "aci",
                "expressions": {
                    "annotation": {
                        "constant_value": "annotation"
                    },
                    "annotations": {
                        "constant_value": [{
                            "key": "key_0",
                            "value": "value_1"
                        }]
                    },
                    "id_attribute": {
                        "constant_value": "1"
                    },
                    "ip": {
                        "constant_value": "10.0.0.2"
                    },
                    "name": {
                        "constant_value": "WOW"
                    },
                    "name_alias": {
                        "constant_value": "name_alias"
                    },
                    "parent_dn": {
                        "constant_value": "uni/tn-example_tenant"
                    },
                    "tags": {
                        "constant_value": [{
                            "key": "key_0",
                            "value": "value_1"
                        }]
                    },
                    "vrf_name": {
                        "constant_value": "test_ctx_name"
                    }
                },
                "schema_version": 0
            }, {
                "address": "aci_external_management_network_instance_profile.full_example",
                "mode": "managed",
                "type": "aci_external_management_network_instance_profile",
                "name": "full_example",
                "provider_config_key": "aci",
                "expressions": {
                    "annotation": {
                        "constant_value": "annotation"
                    },
                    "annotations": {
                        "constant_value": [{
                            "key": "key_0",
                            "value": "value_1"
                        }]
                    },
                    "description": {
                        "constant_value": "description"
                    },
                    "name": {
                        "constant_value": "test_name"
                    },
                    "name_alias": {
                        "constant_value": "name_alias"
                    },
                    "priority": {
                        "constant_value": "level1"
                    },
                    "relation_to_consumed_out_of_band_contracts": {
                        "constant_value": [{
                            "annotation": "annotation_1",
                            "out_of_band_contract_name": "aci_out_of_band_contract.example.name",
                            "priority": "level1"
                        }]
                    },
                    "tags": {
                        "constant_value": [{
                            "key": "key_0",
                            "value": "value_1"
                        }]
                    }
                },
                "schema_version": 0
            }, {
                "address": "aci_vrf_fallback_route_group.full_example_vrf",
                "mode": "managed",
                "type": "aci_vrf_fallback_route_group",
                "name": "full_example_vrf",
                "provider_config_key": "aci",
                "expressions": {
                    "annotation": {
                        "constant_value": "annotation"
                    },
                    "annotations": {
                        "constant_value": [{
                            "key": "key_0",
                            "value": "value_1"
                        }]
                    },
                    "description": {
                        "constant_value": "description"
                    },
                    "name": {
                        "constant_value": "fallback_route_group"
                    },
                    "name_alias": {
                        "constant_value": "name_alias"
                    },
                    "parent_dn": {
                        "constant_value": "uni/tn-example_tenant"
                    },
                    "tags": {
                        "constant_value": [{
                            "key": "key_0",
                            "value": "value_1"
                        }]
                    },
                    "vrf_fallback_route_group_members": {
                        "constant_value": [{
                            "annotation": "annotation_1",
                            "description": "description_1",
                            "fallback_member": "2.2.2.2",
                            "name": "name_1",
                            "name_alias": "name_alias_1"
                        }]
                    }
                },
                "schema_version": 0
            }]
        }
    },
    "timestamp": "2024-08-01T02:22:27Z",
    "applyable": true,
    "complete": true,
    "errored": false
}