{"format_version":"1.2","terraform_version":"1.8.5","planned_values":{"root_module":{"resources":[{"address":"aci_tenant.example","mode":"managed","type":"aci_tenant","name":"example","provider_name":"registry.terraform.io/ciscodevnet/aci","schema_version":1,"values":{"annotation":"tag","description":"from terraform","name":"demo_tenant","name_alias":"tenant","relation_fv_rs_tn_deny_rule":null},"sensitive_values":{}},{"address":"aci_tenant.example2","mode":"managed","type":"aci_tenant","name":"example2","provider_name":"registry.terraform.io/ciscodevnet/aci","schema_version":1,"values":{"annotation":"tag2","description":"from terraform2","name":"demo_tenant2","name_alias":"tenant2","relation_fv_rs_tn_deny_rule":null},"sensitive_values":{}}]}},"resource_changes":[{"address":"aci_tenant.example","mode":"managed","type":"aci_tenant","name":"example","provider_name":"registry.terraform.io/ciscodevnet/aci","change":{"actions":["create"],"before":null,"after":{"annotation":"tag","description":"from terraform","name":"demo_tenant","name_alias":"tenant","relation_fv_rs_tn_deny_rule":null},"after_unknown":{"id":true,"relation_fv_rs_tenant_mon_pol":true},"before_sensitive":false,"after_sensitive":{}}},{"address":"aci_tenant.example2","mode":"managed","type":"aci_tenant","name":"example2","provider_name":"registry.terraform.io/ciscodevnet/aci","change":{"actions":["create"],"before":null,"after":{"annotation":"tag2","description":"from terraform2","name":"demo_tenant2","name_alias":"tenant2","relation_fv_rs_tn_deny_rule":null},"after_unknown":{"id":true,"relation_fv_rs_tenant_mon_pol":true},"before_sensitive":false,"after_sensitive":{}}}],"configuration":{"provider_config":{"aci":{"name":"aci","full_name":"registry.terraform.io/ciscodevnet/aci","expressions":{"insecure":{"constant_value":true},"password":{"constant_value":"!v3G@!4@Y"},"url":{"constant_value":"https://sandboxapicdc.cisco.com"},"username":{"constant_value":"admin"}}}},"root_module":{"resources":[{"address":"aci_tenant.example","mode":"managed","type":"aci_tenant","name":"example","provider_config_key":"aci","expressions":{"annotation":{"constant_value":"tag"},"description":{"constant_value":"from terraform"},"name":{"constant_value":"demo_tenant"},"name_alias":{"constant_value":"tenant"}},"schema_version":1},{"address":"aci_tenant.example2","mode":"managed","type":"aci_tenant","name":"example2","provider_config_key":"aci","expressions":{"annotation":{"constant_value":"tag2"},"description":{"constant_value":"from terraform2"},"name":{"constant_value":"demo_tenant2"},"name_alias":{"constant_value":"tenant2"}},"schema_version":1}]}},"timestamp":"2024-08-05T04:29:59Z","applyable":true,"complete":true,"errored":false}
