{
    "version": 3,
    "terraform_version": "0.11.11",
    "serial": 2,
    "lineage": "064529ff-a8ce-88e0-d797-62a6f6e87d57",
    "modules": [
        {
            "path": [
                "root"
            ],
            "outputs": {},
            "resources": {
                "aci_tenant.test": {
                    "type": "aci_tenant",
                    "depends_on": [],
                    "primary": {
                        "id": "uni/tn-test_import",
                        "attributes": {
                            "annotation": "",
                            "description": "",
                            "id": "uni/tn-test_import",
                            "name": "test_import",
                            "name_alias": "",
                            "relation_fv_rs_tenant_mon_pol": ""
                        },
                        "meta": {
                            "schema_version": "1"
                        },
                        "tainted": false
                    },
                    "deposed": [],
                    "provider": "provider.aci"
                }
            },
            "depends_on": []
        }
    ]
}
